
Microsoft Visual Studio Solution File, Format Version 12.00
# Visual Studio Version 17
VisualStudioVersion = 17.4.33122.133
MinimumVisualStudioVersion = 10.0.40219.1
Project("{FAE04EC0-301F-11D3-BF4B-00C04F79EFBC}") = "BankSystemConsole", "BankSystemConsole\BankSystemConsole.csproj", "{B2046FE5-7639-41B3-8ED9-04D75E968B39}"
EndProject
Global
	GlobalSection(SolutionConfigurationPlatforms) = preSolution
		Debug|Any CPU = Debug|Any CPU
		Release|Any CPU = Release|Any CPU
	EndGlobalSection
	GlobalSection(ProjectConfigurationPlatforms) = postSolution
		{B2046FE5-7639-41B3-8ED9-04D75E968B39}.Debug|Any CPU.ActiveCfg = Debug|Any CPU
		{B2046FE5-7639-41B3-8ED9-04D75E968B39}.Debug|Any CPU.Build.0 = Debug|Any CPU
		{B2046FE5-7639-41B3-8ED9-04D75E968B39}.Release|Any CPU.ActiveCfg = Release|Any CPU
		{B2046FE5-7639-41B3-8ED9-04D75E968B39}.Release|Any CPU.Build.0 = Release|Any CPU
	EndGlobalSection
	GlobalSection(SolutionProperties) = preSolution
		HideSolutionNode = FALSE
	EndGlobalSection
	GlobalSection(ExtensibilityGlobals) = postSolution
		SolutionGuid = {CD935C79-AEB9-4BCF-B0E4-DF6E8A089C25}
	EndGlobalSection
EndGlobal
